
Microsoft Visual Studio Solution File, Format Version 12.00
# Visual Studio Version 16
VisualStudioVersion = 16.0.31424.327
MinimumVisualStudioVersion = 10.0.40219.1
Project("{FAE04EC0-301F-11D3-BF4B-00C04F79EFBC}") = "s16-extension", "s16-extension.csproj", "{5F56CA94-1AB6-4A74-8C5E-E2CEFD8F871B}"
EndProject
Global
	GlobalSection(SolutionConfigurationPlatforms) = preSolution
		Debug|Any CPU = Debug|Any CPU
		Release|Any CPU = Release|Any CPU
	EndGlobalSection
	GlobalSection(ProjectConfigurationPlatforms) = postSolution
		{5F56CA94-1AB6-4A74-8C5E-E2CEFD8F871B}.Debug|Any CPU.ActiveCfg = Debug|Any CPU
		{5F56CA94-1AB6-4A74-8C5E-E2CEFD8F871B}.Debug|Any CPU.Build.0 = Debug|Any CPU
		{5F56CA94-1AB6-4A74-8C5E-E2CEFD8F871B}.Release|Any CPU.ActiveCfg = Release|Any CPU
		{5F56CA94-1AB6-4A74-8C5E-E2CEFD8F871B}.Release|Any CPU.Build.0 = Release|Any CPU
	EndGlobalSection
	GlobalSection(SolutionProperties) = preSolution
		HideSolutionNode = FALSE
	EndGlobalSection
	GlobalSection(ExtensibilityGlobals) = postSolution
		SolutionGuid = {A80AC755-A851-4B9B-8CBC-F7810BED0728}
	EndGlobalSection
EndGlobal
