
Microsoft Visual Studio Solution File, Format Version 12.00
# Visual Studio Version 16
VisualStudioVersion = 16.0.28803.202
MinimumVisualStudioVersion = 10.0.40219.1
Project("{FAE04EC0-301F-11D3-BF4B-00C04F79EFBC}") = "LicentiaLabs", "LicentiaLabs\LicentiaLabs.csproj", "{57515AAF-B37A-4912-A910-4C629FEC734F}"
EndProject
Global
	GlobalSection(SolutionConfigurationPlatforms) = preSolution
		Debug|Any CPU = Debug|Any CPU
		Release|Any CPU = Release|Any CPU
	EndGlobalSection
	GlobalSection(ProjectConfigurationPlatforms) = postSolution
		{57515AAF-B37A-4912-A910-4C629FEC734F}.Debug|Any CPU.ActiveCfg = Debug|Any CPU
		{57515AAF-B37A-4912-A910-4C629FEC734F}.Debug|Any CPU.Build.0 = Debug|Any CPU
		{57515AAF-B37A-4912-A910-4C629FEC734F}.Release|Any CPU.ActiveCfg = Release|Any CPU
		{57515AAF-B37A-4912-A910-4C629FEC734F}.Release|Any CPU.Build.0 = Release|Any CPU
	EndGlobalSection
	GlobalSection(SolutionProperties) = preSolution
		HideSolutionNode = FALSE
	EndGlobalSection
	GlobalSection(ExtensibilityGlobals) = postSolution
		SolutionGuid = {945FE524-C8A1-4B14-AC35-7F99B77BDB18}
	EndGlobalSection
EndGlobal
